
Microsoft Visual Studio Solution File, Format Version 12.00
# Visual Studio Version 16
VisualStudioVersion = 16.0.29201.188
MinimumVisualStudioVersion = 10.0.40219.1
Project("{9A19103F-16F7-4668-BE54-9A1E7A4F7556}") = "DesignPatternsLibrary", "DesignPatternsLibrary\DesignPatternsLibrary.csproj", "{5D5CE40A-07D7-4B7A-92F6-5D27FD614873}"
EndProject
Project("{9A19103F-16F7-4668-BE54-9A1E7A4F7556}") = "DesignPatternsDemo", "DesignPatternsDemo\DesignPatternsDemo.csproj", "{A9750D80-E302-480F-8338-08C897BA117E}"
EndProject
Global
	GlobalSection(SolutionConfigurationPlatforms) = preSolution
		Debug|Any CPU = Debug|Any CPU
		Release|Any CPU = Release|Any CPU
	EndGlobalSection
	GlobalSection(ProjectConfigurationPlatforms) = postSolution
		{5D5CE40A-07D7-4B7A-92F6-5D27FD614873}.Debug|Any CPU.ActiveCfg = Debug|Any CPU
		{5D5CE40A-07D7-4B7A-92F6-5D27FD614873}.Debug|Any CPU.Build.0 = Debug|Any CPU
		{5D5CE40A-07D7-4B7A-92F6-5D27FD614873}.Release|Any CPU.ActiveCfg = Release|Any CPU
		{5D5CE40A-07D7-4B7A-92F6-5D27FD614873}.Release|Any CPU.Build.0 = Release|Any CPU
		{A9750D80-E302-480F-8338-08C897BA117E}.Debug|Any CPU.ActiveCfg = Debug|Any CPU
		{A9750D80-E302-480F-8338-08C897BA117E}.Debug|Any CPU.Build.0 = Debug|Any CPU
		{A9750D80-E302-480F-8338-08C897BA117E}.Release|Any CPU.ActiveCfg = Release|Any CPU
		{A9750D80-E302-480F-8338-08C897BA117E}.Release|Any CPU.Build.0 = Release|Any CPU
	EndGlobalSection
	GlobalSection(SolutionProperties) = preSolution
		HideSolutionNode = FALSE
	EndGlobalSection
	GlobalSection(ExtensibilityGlobals) = postSolution
		SolutionGuid = {79968CEB-E4B8-4843-A479-017F864E174F}
	EndGlobalSection
EndGlobal
